
Microsoft Visual Studio Solution File, Format Version 12.00
# Visual Studio 15
VisualStudioVersion = 15.0.28010.2036
MinimumVisualStudioVersion = 10.0.40219.1
Project("{FAE04EC0-301F-11D3-BF4B-00C04F79EFBC}") = "LedTestPreview", "LedTestPreview\LedTestPreview.csproj", "{6CE246E9-00FC-48B2-8C00-ED6DB5EF0F2B}"
EndProject
Global
	GlobalSection(SolutionConfigurationPlatforms) = preSolution
		Debug|Any CPU = Debug|Any CPU
		Release|Any CPU = Release|Any CPU
	EndGlobalSection
	GlobalSection(ProjectConfigurationPlatforms) = postSolution
		{6CE246E9-00FC-48B2-8C00-ED6DB5EF0F2B}.Debug|Any CPU.ActiveCfg = Debug|Any CPU
		{6CE246E9-00FC-48B2-8C00-ED6DB5EF0F2B}.Debug|Any CPU.Build.0 = Debug|Any CPU
		{6CE246E9-00FC-48B2-8C00-ED6DB5EF0F2B}.Release|Any CPU.ActiveCfg = Release|Any CPU
		{6CE246E9-00FC-48B2-8C00-ED6DB5EF0F2B}.Release|Any CPU.Build.0 = Release|Any CPU
	EndGlobalSection
	GlobalSection(SolutionProperties) = preSolution
		HideSolutionNode = FALSE
	EndGlobalSection
	GlobalSection(ExtensibilityGlobals) = postSolution
		SolutionGuid = {92363C31-D79B-4C16-939A-27C362A21AFA}
	EndGlobalSection
EndGlobal
